
Microsoft Visual Studio Solution File, Format Version 12.00
# Visual Studio 2013
VisualStudioVersion = 12.0.30501.0
MinimumVisualStudioVersion = 10.0.40219.1
Project("{FAE04EC0-301F-11D3-BF4B-00C04F79EFBC}") = "Dictionary", "Dictionary\Dictionary.csproj", "{206511F0-7C4D-4043-A836-85F18629814C}"
EndProject
Global
	GlobalSection(SolutionConfigurationPlatforms) = preSolution
		Debug|Any CPU = Debug|Any CPU
		Debug|ARM = Debug|ARM
		Debug|x86 = Debug|x86
		Release|Any CPU = Release|Any CPU
		Release|ARM = Release|ARM
		Release|x86 = Release|x86
	EndGlobalSection
	GlobalSection(ProjectConfigurationPlatforms) = postSolution
		{206511F0-7C4D-4043-A836-85F18629814C}.Debug|Any CPU.ActiveCfg = Debug|Any CPU
		{206511F0-7C4D-4043-A836-85F18629814C}.Debug|Any CPU.Build.0 = Debug|Any CPU
		{206511F0-7C4D-4043-A836-85F18629814C}.Debug|Any CPU.Deploy.0 = Debug|Any CPU
		{206511F0-7C4D-4043-A836-85F18629814C}.Debug|ARM.ActiveCfg = Debug|ARM
		{206511F0-7C4D-4043-A836-85F18629814C}.Debug|ARM.Build.0 = Debug|ARM
		{206511F0-7C4D-4043-A836-85F18629814C}.Debug|ARM.Deploy.0 = Debug|ARM
		{206511F0-7C4D-4043-A836-85F18629814C}.Debug|x86.ActiveCfg = Debug|x86
		{206511F0-7C4D-4043-A836-85F18629814C}.Debug|x86.Build.0 = Debug|x86
		{206511F0-7C4D-4043-A836-85F18629814C}.Debug|x86.Deploy.0 = Debug|x86
		{206511F0-7C4D-4043-A836-85F18629814C}.Release|Any CPU.ActiveCfg = Release|Any CPU
		{206511F0-7C4D-4043-A836-85F18629814C}.Release|Any CPU.Build.0 = Release|Any CPU
		{206511F0-7C4D-4043-A836-85F18629814C}.Release|Any CPU.Deploy.0 = Release|Any CPU
		{206511F0-7C4D-4043-A836-85F18629814C}.Release|ARM.ActiveCfg = Release|ARM
		{206511F0-7C4D-4043-A836-85F18629814C}.Release|ARM.Build.0 = Release|ARM
		{206511F0-7C4D-4043-A836-85F18629814C}.Release|ARM.Deploy.0 = Release|ARM
		{206511F0-7C4D-4043-A836-85F18629814C}.Release|x86.ActiveCfg = Release|x86
		{206511F0-7C4D-4043-A836-85F18629814C}.Release|x86.Build.0 = Release|x86
		{206511F0-7C4D-4043-A836-85F18629814C}.Release|x86.Deploy.0 = Release|x86
	EndGlobalSection
	GlobalSection(SolutionProperties) = preSolution
		HideSolutionNode = FALSE
	EndGlobalSection
EndGlobal
